// !$*UTF8*$!
{
	archiveVersion = 1;
	classes = {
	};
	objectVersion = 50;
	objects = {

/* Begin PBXBuildFile section */
		041D188D2239F0A40001166A /* AppDelegate.m in Sources */ = {isa = PBXBuildFile; fileRef = 041D188C2239F0A40001166A /* AppDelegate.m */; };
		041D18902239F0A40001166A /* ViewController.m in Sources */ = {isa = PBXBuildFile; fileRef = 041D188F2239F0A40001166A /* ViewController.m */; };
		041D18932239F0A40001166A /* Main.storyboard in Resources */ = {isa = PBXBuildFile; fileRef = 041D18912239F0A40001166A /* Main.storyboard */; };
		041D18952239F0A50001166A /* Assets.xcassets in Resources */ = {isa = PBXBuildFile; fileRef = 041D18942239F0A50001166A /* Assets.xcassets */; };
		041D18982239F0A50001166A /* LaunchScreen.storyboard in Resources */ = {isa = PBXBuildFile; fileRef = 041D18962239F0A50001166A /* LaunchScreen.storyboard */; };
		041D189B2239F0A50001166A /* main.m in Sources */ = {isa = PBXBuildFile; fileRef = 041D189A2239F0A50001166A /* main.m */; };
		04D1F5052239F398009B50F6 /* GoogleService-Info.plist in Resources */ = {isa = PBXBuildFile; fileRef = 04D1F5042239F398009B50F6 /* GoogleService-Info.plist */; };
		04D1F5082239F66C009B50F6 /* VINDetectionViewController.m in Sources */ = {isa = PBXBuildFile; fileRef = 04D1F5072239F66C009B50F6 /* VINDetectionViewController.m */; };
		04D1F50A2239F69A009B50F6 /* scanSuccess.wav in Resources */ = {isa = PBXBuildFile; fileRef = 04D1F5092239F69A009B50F6 /* scanSuccess.wav */; };
		5F730565EFCBCF8EDEF0A75B /* libPods-TextDetection-VIN.a in Frameworks */ = {isa = PBXBuildFile; fileRef = 19CD719AB921480B6439C490 /* libPods-TextDetection-VIN.a */; };
/* End PBXBuildFile section */

/* Begin PBXFileReference section */
		041D18882239F0A40001166A /* TextDetection-VIN.app */ = {isa = PBXFileReference; explicitFileType = wrapper.application; includeInIndex = 0; path = "TextDetection-VIN.app"; sourceTree = BUILT_PRODUCTS_DIR; };
		041D188B2239F0A40001166A /* AppDelegate.h */ = {isa = PBXFileReference; lastKnownFileType = sourcecode.c.h; path = AppDelegate.h; sourceTree = "<group>"; };
		041D188C2239F0A40001166A /* AppDelegate.m */ = {isa = PBXFileReference; lastKnownFileType = sourcecode.c.objc; path = AppDelegate.m; sourceTree = "<group>"; };
		041D188E2239F0A40001166A /* ViewController.h */ = {isa = PBXFileReference; lastKnownFileType = sourcecode.c.h; path = ViewController.h; sourceTree = "<group>"; };
		041D188F2239F0A40001166A /* ViewController.m */ = {isa = PBXFileReference; lastKnownFileType = sourcecode.c.objc; path = ViewController.m; sourceTree = "<group>"; };
		041D18922239F0A40001166A /* Base */ = {isa = PBXFileReference; lastKnownFileType = file.storyboard; name = Base; path = Base.lproj/Main.storyboard; sourceTree = "<group>"; };
		041D18942239F0A50001166A /* Assets.xcassets */ = {isa = PBXFileReference; lastKnownFileType = folder.assetcatalog; path = Assets.xcassets; sourceTree = "<group>"; };
		041D18972239F0A50001166A /* Base */ = {isa = PBXFileReference; lastKnownFileType = file.storyboard; name = Base; path = Base.lproj/LaunchScreen.storyboard; sourceTree = "<group>"; };
		041D18992239F0A50001166A /* Info.plist */ = {isa = PBXFileReference; lastKnownFileType = text.plist.xml; path = Info.plist; sourceTree = "<group>"; };
		041D189A2239F0A50001166A /* main.m */ = {isa = PBXFileReference; lastKnownFileType = sourcecode.c.objc; path = main.m; sourceTree = "<group>"; };
		04D1F5042239F398009B50F6 /* GoogleService-Info.plist */ = {isa = PBXFileReference; fileEncoding = 4; lastKnownFileType = text.plist.xml; path = "GoogleService-Info.plist"; sourceTree = "<group>"; };
		04D1F5062239F66C009B50F6 /* VINDetectionViewController.h */ = {isa = PBXFileReference; lastKnownFileType = sourcecode.c.h; path = VINDetectionViewController.h; sourceTree = "<group>"; };
		04D1F5072239F66C009B50F6 /* VINDetectionViewController.m */ = {isa = PBXFileReference; lastKnownFileType = sourcecode.c.objc; path = VINDetectionViewController.m; sourceTree = "<group>"; };
		04D1F5092239F69A009B50F6 /* scanSuccess.wav */ = {isa = PBXFileReference; lastKnownFileType = audio.wav; path = scanSuccess.wav; sourceTree = "<group>"; };
		19CD719AB921480B6439C490 /* libPods-TextDetection-VIN.a */ = {isa = PBXFileReference; explicitFileType = archive.ar; includeInIndex = 0; path = "libPods-TextDetection-VIN.a"; sourceTree = BUILT_PRODUCTS_DIR; };
		263498DB012BDE1580A0B8F5 /* Pods-TextDetection-VIN.release.xcconfig */ = {isa = PBXFileReference; includeInIndex = 1; lastKnownFileType = text.xcconfig; name = "Pods-TextDetection-VIN.release.xcconfig"; path = "Target Support Files/Pods-TextDetection-VIN/Pods-TextDetection-VIN.release.xcconfig"; sourceTree = "<group>"; };
		BA3754E99A1E7EDA1E60DA70 /* Pods-TextDetection-VIN.debug.xcconfig */ = {isa = PBXFileReference; includeInIndex = 1; lastKnownFileType = text.xcconfig; name = "Pods-TextDetection-VIN.debug.xcconfig"; path = "Target Support Files/Pods-TextDetection-VIN/Pods-TextDetection-VIN.debug.xcconfig"; sourceTree = "<group>"; };
/* End PBXFileReference section */

/* Begin PBXFrameworksBuildPhase section */
		041D18852239F0A40001166A /* Frameworks */ = {
			isa = PBXFrameworksBuildPhase;
			buildActionMask = 2147483647;
			files = (
				5F730565EFCBCF8EDEF0A75B /* libPods-TextDetection-VIN.a in Frameworks */,
			);
			runOnlyForDeploymentPostprocessing = 0;
		};
/* End PBXFrameworksBuildPhase section */

/* Begin PBXGroup section */
		041D187F2239F0A40001166A = {
			isa = PBXGroup;
			children = (
				041D188A2239F0A40001166A /* TextDetection-VIN */,
				041D18892239F0A40001166A /* Products */,
				DA4F6ECD5B746FB562016B8D /* Pods */,
				F413ACBBA2BE8AF827E26B7B /* Frameworks */,
			);
			sourceTree = "<group>";
		};
		041D18892239F0A40001166A /* Products */ = {
			isa = PBXGroup;
			children = (
				041D18882239F0A40001166A /* TextDetection-VIN.app */,
			);
			name = Products;
			sourceTree = "<group>";
		};
		041D188A2239F0A40001166A /* TextDetection-VIN */ = {
			isa = PBXGroup;
			children = (
				041D188B2239F0A40001166A /* AppDelegate.h */,
				041D188C2239F0A40001166A /* AppDelegate.m */,
				041D188E2239F0A40001166A /* ViewController.h */,
				041D188F2239F0A40001166A /* ViewController.m */,
				04D1F5062239F66C009B50F6 /* VINDetectionViewController.h */,
				04D1F5072239F66C009B50F6 /* VINDetectionViewController.m */,
				04D1F5042239F398009B50F6 /* GoogleService-Info.plist */,
				041D18912239F0A40001166A /* Main.storyboard */,
				041D18942239F0A50001166A /* Assets.xcassets */,
				041D18962239F0A50001166A /* LaunchScreen.storyboard */,
				04D1F5092239F69A009B50F6 /* scanSuccess.wav */,
				041D18992239F0A50001166A /* Info.plist */,
				041D189A2239F0A50001166A /* main.m */,
			);
			path = "TextDetection-VIN";
			sourceTree = "<group>";
		};
		DA4F6ECD5B746FB562016B8D /* Pods */ = {
			isa = PBXGroup;
			children = (
				BA3754E99A1E7EDA1E60DA70 /* Pods-TextDetection-VIN.debug.xcconfig */,
				263498DB012BDE1580A0B8F5 /* Pods-TextDetection-VIN.release.xcconfig */,
			);
			path = Pods;
			sourceTree = "<group>";
		};
		F413ACBBA2BE8AF827E26B7B /* Frameworks */ = {
			isa = PBXGroup;
			children = (
				19CD719AB921480B6439C490 /* libPods-TextDetection-VIN.a */,
			);
			name = Frameworks;
			sourceTree = "<group>";
		};
/* End PBXGroup section */

/* Begin PBXNativeTarget section */
		041D18872239F0A40001166A /* TextDetection-VIN */ = {
			isa = PBXNativeTarget;
			buildConfigurationList = 041D189E2239F0A50001166A /* Build configuration list for PBXNativeTarget "TextDetection-VIN" */;
			buildPhases = (
				6D39A1FE8781361CBC6C1144 /* [CP] Check Pods Manifest.lock */,
				041D18842239F0A40001166A /* Sources */,
				041D18852239F0A40001166A /* Frameworks */,
				041D18862239F0A40001166A /* Resources */,
				560421967193B60C777B65B4 /* [CP] Copy Pods Resources */,
			);
			buildRules = (
			);
			dependencies = (
			);
			name = "TextDetection-VIN";
			productName = "TextDetection-VIN";
			productReference = 041D18882239F0A40001166A /* TextDetection-VIN.app */;
			productType = "com.apple.product-type.application";
		};
/* End PBXNativeTarget section */

/* Begin PBXProject section */
		041D18802239F0A40001166A /* Project object */ = {
			isa = PBXProject;
			attributes = {
				LastUpgradeCheck = 1010;
				ORGANIZATIONNAME = "🚗";
				TargetAttributes = {
					041D18872239F0A40001166A = {
						CreatedOnToolsVersion = 10.1;
					};
				};
			};
			buildConfigurationList = 041D18832239F0A40001166A /* Build configuration list for PBXProject "TextDetection-VIN" */;
			compatibilityVersion = "Xcode 9.3";
			developmentRegion = en;
			hasScannedForEncodings = 0;
			knownRegions = (
				en,
				Base,
			);
			mainGroup = 041D187F2239F0A40001166A;
			productRefGroup = 041D18892239F0A40001166A /* Products */;
			projectDirPath = "";
			projectRoot = "";
			targets = (
				041D18872239F0A40001166A /* TextDetection-VIN */,
			);
		};
/* End PBXProject section */

/* Begin PBXResourcesBuildPhase section */
		041D18862239F0A40001166A /* Resources */ = {
			isa = PBXResourcesBuildPhase;
			buildActionMask = 2147483647;
			files = (
				04D1F50A2239F69A009B50F6 /* scanSuccess.wav in Resources */,
				041D18982239F0A50001166A /* LaunchScreen.storyboard in Resources */,
				04D1F5052239F398009B50F6 /* GoogleService-Info.plist in Resources */,
				041D18952239F0A50001166A /* Assets.xcassets in Resources */,
				041D18932239F0A40001166A /* Main.storyboard in Resources */,
			);
			runOnlyForDeploymentPostprocessing = 0;
		};
/* End PBXResourcesBuildPhase section */

/* Begin PBXShellScriptBuildPhase section */
		560421967193B60C777B65B4 /* [CP] Copy Pods Resources */ = {
			isa = PBXShellScriptBuildPhase;
			buildActionMask = 2147483647;
			files = (
			);
			inputFileListPaths = (
			);
			inputPaths = (
				"${PODS_ROOT}/Target Support Files/Pods-TextDetection-VIN/Pods-TextDetection-VIN-resources.sh",
				"${PODS_CONFIGURATION_BUILD_DIR}/GoogleMobileVision/GoogleMVTextDetectorResources.bundle",
			);
			name = "[CP] Copy Pods Resources";
			outputFileListPaths = (
			);
			outputPaths = (
				"${TARGET_BUILD_DIR}/${UNLOCALIZED_RESOURCES_FOLDER_PATH}/GoogleMVTextDetectorResources.bundle",
			);
			runOnlyForDeploymentPostprocessing = 0;
			shellPath = /bin/sh;
			shellScript = "\"${PODS_ROOT}/Target Support Files/Pods-TextDetection-VIN/Pods-TextDetection-VIN-resources.sh\"\n";
			showEnvVarsInLog = 0;
		};
		6D39A1FE8781361CBC6C1144 /* [CP] Check Pods Manifest.lock */ = {
			isa = PBXShellScriptBuildPhase;
			buildActionMask = 2147483647;
			files = (
			);
			inputFileListPaths = (
			);
			inputPaths = (
				"${PODS_PODFILE_DIR_PATH}/Podfile.lock",
				"${PODS_ROOT}/Manifest.lock",
			);
			name = "[CP] Check Pods Manifest.lock";
			outputFileListPaths = (
			);
			outputPaths = (
				"$(DERIVED_FILE_DIR)/Pods-TextDetection-VIN-checkManifestLockResult.txt",
			);
			runOnlyForDeploymentPostprocessing = 0;
			shellPath = /bin/sh;
			shellScript = "diff \"${PODS_PODFILE_DIR_PATH}/Podfile.lock\" \"${PODS_ROOT}/Manifest.lock\" > /dev/null\nif [ $? != 0 ] ; then\n    # print error to STDERR\n    echo \"error: The sandbox is not in sync with the Podfile.lock. Run 'pod install' or update your CocoaPods installation.\" >&2\n    exit 1\nfi\n# This output is used by Xcode 'outputs' to avoid re-running this script phase.\necho \"SUCCESS\" > \"${SCRIPT_OUTPUT_FILE_0}\"\n";
			showEnvVarsInLog = 0;
		};
/* End PBXShellScriptBuildPhase section */

/* Begin PBXSourcesBuildPhase section */
		041D18842239F0A40001166A /* Sources */ = {
			isa = PBXSourcesBuildPhase;
			buildActionMask = 2147483647;
			files = (
				041D18902239F0A40001166A /* ViewController.m in Sources */,
				041D189B2239F0A50001166A /* main.m in Sources */,
				04D1F5082239F66C009B50F6 /* VINDetectionViewController.m in Sources */,
				041D188D2239F0A40001166A /* AppDelegate.m in Sources */,
			);
			runOnlyForDeploymentPostprocessing = 0;
		};
/* End PBXSourcesBuildPhase section */

/* Begin PBXVariantGroup section */
		041D18912239F0A40001166A /* Main.storyboard */ = {
			isa = PBXVariantGroup;
			children = (
				041D18922239F0A40001166A /* Base */,
			);
			name = Main.storyboard;
			sourceTree = "<group>";
		};
		041D18962239F0A50001166A /* LaunchScreen.storyboard */ = {
			isa = PBXVariantGroup;
			children = (
				041D18972239F0A50001166A /* Base */,
			);
			name = LaunchScreen.storyboard;
			sourceTree = "<group>";
		};
/* End PBXVariantGroup section */

/* Begin XCBuildConfiguration section */
		041D189C2239F0A50001166A /* Debug */ = {
			isa = XCBuildConfiguration;
			buildSettings = {
				ALWAYS_SEARCH_USER_PATHS = NO;
				CLANG_ANALYZER_NONNULL = YES;
				CLANG_ANALYZER_NUMBER_OBJECT_CONVERSION = YES_AGGRESSIVE;
				CLANG_CXX_LANGUAGE_STANDARD = "gnu++14";
				CLANG_CXX_LIBRARY = "libc++";
				CLANG_ENABLE_MODULES = YES;
				CLANG_ENABLE_OBJC_ARC = YES;
				CLANG_ENABLE_OBJC_WEAK = YES;
				CLANG_WARN_BLOCK_CAPTURE_AUTORELEASING = YES;
				CLANG_WARN_BOOL_CONVERSION = YES;
				CLANG_WARN_COMMA = YES;
				CLANG_WARN_CONSTANT_CONVERSION = YES;
				CLANG_WARN_DEPRECATED_OBJC_IMPLEMENTATIONS = YES;
				CLANG_WARN_DIRECT_OBJC_ISA_USAGE = YES_ERROR;
				CLANG_WARN_DOCUMENTATION_COMMENTS = YES;
				CLANG_WARN_EMPTY_BODY = YES;
				CLANG_WARN_ENUM_CONVERSION = YES;
				CLANG_WARN_INFINITE_RECURSION = YES;
				CLANG_WARN_INT_CONVERSION = YES;
				CLANG_WARN_NON_LITERAL_NULL_CONVERSION = YES;
				CLANG_WARN_OBJC_IMPLICIT_RETAIN_SELF = YES;
				CLANG_WARN_OBJC_LITERAL_CONVERSION = YES;
				CLANG_WARN_OBJC_ROOT_CLASS = YES_ERROR;
				CLANG_WARN_RANGE_LOOP_ANALYSIS = YES;
				CLANG_WARN_STRICT_PROTOTYPES = YES;
				CLANG_WARN_SUSPICIOUS_MOVE = YES;
				CLANG_WARN_UNGUARDED_AVAILABILITY = YES_AGGRESSIVE;
				CLANG_WARN_UNREACHABLE_CODE = YES;
				CLANG_WARN__DUPLICATE_METHOD_MATCH = YES;
				CODE_SIGN_IDENTITY = "iPhone Developer";
				COPY_PHASE_STRIP = NO;
				DEBUG_INFORMATION_FORMAT = dwarf;
				ENABLE_STRICT_OBJC_MSGSEND = YES;
				ENABLE_TESTABILITY = YES;
				GCC_C_LANGUAGE_STANDARD = gnu11;
				GCC_DYNAMIC_NO_PIC = NO;
				GCC_NO_COMMON_BLOCKS = YES;
				GCC_OPTIMIZATION_LEVEL = 0;
				GCC_PREPROCESSOR_DEFINITIONS = (
					"DEBUG=1",
					"$(inherited)",
				);
				GCC_WARN_64_TO_32_BIT_CONVERSION = YES;
				GCC_WARN_ABOUT_RETURN_TYPE = YES_ERROR;
				GCC_WARN_UNDECLARED_SELECTOR = YES;
				GCC_WARN_UNINITIALIZED_AUTOS = YES_AGGRESSIVE;
				GCC_WARN_UNUSED_FUNCTION = YES;
				GCC_WARN_UNUSED_VARIABLE = YES;
				IPHONEOS_DEPLOYMENT_TARGET = 12.1;
				MTL_ENABLE_DEBUG_INFO = INCLUDE_SOURCE;
				MTL_FAST_MATH = YES;
				ONLY_ACTIVE_ARCH = YES;
				SDKROOT = iphoneos;
			};
			name = Debug;
		};
		041D189D2239F0A50001166A /* Release */ = {
			isa = XCBuildConfiguration;
			buildSettings = {
				ALWAYS_SEARCH_USER_PATHS = NO;
				CLANG_ANALYZER_NONNULL = YES;
				CLANG_ANALYZER_NUMBER_OBJECT_CONVERSION = YES_AGGRESSIVE;
				CLANG_CXX_LANGUAGE_STANDARD = "gnu++14";
				CLANG_CXX_LIBRARY = "libc++";
				CLANG_ENABLE_MODULES = YES;
				CLANG_ENABLE_OBJC_ARC = YES;
				CLANG_ENABLE_OBJC_WEAK = YES;
				CLANG_WARN_BLOCK_CAPTURE_AUTORELEASING = YES;
				CLANG_WARN_BOOL_CONVERSION = YES;
				CLANG_WARN_COMMA = YES;
				CLANG_WARN_CONSTANT_CONVERSION = YES;
				CLANG_WARN_DEPRECATED_OBJC_IMPLEMENTATIONS = YES;
				CLANG_WARN_DIRECT_OBJC_ISA_USAGE = YES_ERROR;
				CLANG_WARN_DOCUMENTATION_COMMENTS = YES;
				CLANG_WARN_EMPTY_BODY = YES;
				CLANG_WARN_ENUM_CONVERSION = YES;
				CLANG_WARN_INFINITE_RECURSION = YES;
				CLANG_WARN_INT_CONVERSION = YES;
				CLANG_WARN_NON_LITERAL_NULL_CONVERSION = YES;
				CLANG_WARN_OBJC_IMPLICIT_RETAIN_SELF = YES;
				CLANG_WARN_OBJC_LITERAL_CONVERSION = YES;
				CLANG_WARN_OBJC_ROOT_CLASS = YES_ERROR;
				CLANG_WARN_RANGE_LOOP_ANALYSIS = YES;
				CLANG_WARN_STRICT_PROTOTYPES = YES;
				CLANG_WARN_SUSPICIOUS_MOVE = YES;
				CLANG_WARN_UNGUARDED_AVAILABILITY = YES_AGGRESSIVE;
				CLANG_WARN_UNREACHABLE_CODE = YES;
				CLANG_WARN__DUPLICATE_METHOD_MATCH = YES;
				CODE_SIGN_IDENTITY = "iPhone Developer";
				COPY_PHASE_STRIP = NO;
				DEBUG_INFORMATION_FORMAT = "dwarf-with-dsym";
				ENABLE_NS_ASSERTIONS = NO;
				ENABLE_STRICT_OBJC_MSGSEND = YES;
				GCC_C_LANGUAGE_STANDARD = gnu11;
				GCC_NO_COMMON_BLOCKS = YES;
				GCC_WARN_64_TO_32_BIT_CONVERSION = YES;
				GCC_WARN_ABOUT_RETURN_TYPE = YES_ERROR;
				GCC_WARN_UNDECLARED_SELECTOR = YES;
				GCC_WARN_UNINITIALIZED_AUTOS = YES_AGGRESSIVE;
				GCC_WARN_UNUSED_FUNCTION = YES;
				GCC_WARN_UNUSED_VARIABLE = YES;
				IPHONEOS_DEPLOYMENT_TARGET = 12.1;
				MTL_ENABLE_DEBUG_INFO = NO;
				MTL_FAST_MATH = YES;
				SDKROOT = iphoneos;
				VALIDATE_PRODUCT = YES;
			};
			name = Release;
		};
		041D189F2239F0A50001166A /* Debug */ = {
			isa = XCBuildConfiguration;
			baseConfigurationReference = BA3754E99A1E7EDA1E60DA70 /* Pods-TextDetection-VIN.debug.xcconfig */;
			buildSettings = {
				ASSETCATALOG_COMPILER_APPICON_NAME = AppIcon;
				CODE_SIGN_STYLE = Automatic;
				DEVELOPMENT_TEAM = CX9724CS5M;
				INFOPLIST_FILE = "TextDetection-VIN/Info.plist";
				IPHONEOS_DEPLOYMENT_TARGET = 10.0;
				LD_RUNPATH_SEARCH_PATHS = (
					"$(inherited)",
					"@executable_path/Frameworks",
				);
				PRODUCT_BUNDLE_IDENTIFIER = "com.edu-edu.TextDetection-VIN";
				PRODUCT_NAME = "$(TARGET_NAME)";
				TARGETED_DEVICE_FAMILY = "1,2";
			};
			name = Debug;
		};
		041D18A02239F0A50001166A /* Release */ = {
			isa = XCBuildConfiguration;
			baseConfigurationReference = 263498DB012BDE1580A0B8F5 /* Pods-TextDetection-VIN.release.xcconfig */;
			buildSettings = {
				ASSETCATALOG_COMPILER_APPICON_NAME = AppIcon;
				CODE_SIGN_STYLE = Automatic;
				DEVELOPMENT_TEAM = CX9724CS5M;
				INFOPLIST_FILE = "TextDetection-VIN/Info.plist";
				IPHONEOS_DEPLOYMENT_TARGET = 10.0;
				LD_RUNPATH_SEARCH_PATHS = (
					"$(inherited)",
					"@executable_path/Frameworks",
				);
				PRODUCT_BUNDLE_IDENTIFIER = "com.edu-edu.TextDetection-VIN";
				PRODUCT_NAME = "$(TARGET_NAME)";
				TARGETED_DEVICE_FAMILY = "1,2";
			};
			name = Release;
		};
/* End XCBuildConfiguration section */

/* Begin XCConfigurationList section */
		041D18832239F0A40001166A /* Build configuration list for PBXProject "TextDetection-VIN" */ = {
			isa = XCConfigurationList;
			buildConfigurations = (
				041D189C2239F0A50001166A /* Debug */,
				041D189D2239F0A50001166A /* Release */,
			);
			defaultConfigurationIsVisible = 0;
			defaultConfigurationName = Release;
		};
		041D189E2239F0A50001166A /* Build configuration list for PBXNativeTarget "TextDetection-VIN" */ = {
			isa = XCConfigurationList;
			buildConfigurations = (
				041D189F2239F0A50001166A /* Debug */,
				041D18A02239F0A50001166A /* Release */,
			);
			defaultConfigurationIsVisible = 0;
			defaultConfigurationName = Release;
		};
/* End XCConfigurationList section */
	};
	rootObject = 041D18802239F0A40001166A /* Project object */;
}
